Microsoft Visual Studio Solution File, Format Version 12.00
# Visual Studio Version 17
VisualStudioVersion = 17.5.2.0
MinimumVisualStudioVersion = 10.0.40219.1
Project("{FAE04EC0-301F-11D3-BF4B-00C04F79EFBC}") = "CIoTDApi", "CIoTDApi\CIoTDApi.csproj", "{D98146A4-2681-970D-31B9-2F8EC1C7B442}"
EndProject
Global
	GlobalSection(SolutionConfigurationPlatforms) = preSolution
		Debug|Any CPU = Debug|Any CPU
		Release|Any CPU = Release|Any CPU
	EndGlobalSection
	GlobalSection(ProjectConfigurationPlatforms) = postSolution
		{D98146A4-2681-970D-31B9-2F8EC1C7B442}.Debug|Any CPU.ActiveCfg = Debug|Any CPU
		{D98146A4-2681-970D-31B9-2F8EC1C7B442}.Debug|Any CPU.Build.0 = Debug|Any CPU
		{D98146A4-2681-970D-31B9-2F8EC1C7B442}.Release|Any CPU.ActiveCfg = Release|Any CPU
		{D98146A4-2681-970D-31B9-2F8EC1C7B442}.Release|Any CPU.Build.0 = Release|Any CPU
	EndGlobalSection
	GlobalSection(SolutionProperties) = preSolution
		HideSolutionNode = FALSE
	EndGlobalSection
	GlobalSection(ExtensibilityGlobals) = postSolution
		SolutionGuid = {1812F33C-6FCF-425E-94FF-C404024C7382}
	EndGlobalSection
EndGlobal
